# A team-generated miniature snapshot, not the organizers' data (tests/fixtures/team-generated/README.md).
# Written by python -m tests.banking_agent.pipeline.fixture; do not edit.
# source: team-generated:tests/fixtures/team-generated/
# snapshot: a4e1eca4197a5645
# key	size	etag	sha256
branches.csv	901	97f43bc0cf0bcc2036a1c308cf2b8b9a	12c021636bb34ae3ead9ad33839a7b954170949d8971f44e53b89a8c651a9785
call_center_interactions/year=2026/month=05/day=01/call_center_interactions_20260501.csv	529	4e5624c5e404ce59f72024e9750279d6	a00dcc2299417b966e6c4d236340aeb1001b923c0dbfb09e57da1b4591d65302
call_center_interactions/year=2026/month=06/day=17/call_center_interactions_20260617.csv	738	99c2eb1d00eed4aa4a0582086b899ded	c913f6b257ce5394a5d7fb377d5bebe9a3619dd98ba1880960be8a125bee823c
call_transcripts/year=2026/month=05/day=01/call_transcripts_20260501.csv	488	409987419a84647c45e1f17f8ef0fd6e	59d0afc6543fc745f41b7d1c45ea533f149dd4bd70333897a5fd97b3240dcb80
call_transcripts/year=2026/month=06/day=17/call_transcripts_20260617.csv	703	cd3e6e326738d5d7c2a513c8cd8e2164	1c2b72bdaa6eae761663e8f47fb58fd23fd4e62c14e40d1fd6e3963d083de971
campaign_sends/year=2026/month=05/day=01/campaign_sends_20260501.csv	423	0c59adf04a93801d24861f4650670f12	bbe09b43baa3e2d72b366e818d25553b031ee829c31aa241567898803eaddc2e
campaign_sends/year=2026/month=06/day=17/campaign_sends_20260617.csv	423	c5da440e79bb6992f8614fa42e2bfbc7	4c278b275c5f6977c2802033e54d6193d718a7ad7cafef0b34bdaee017a546c7
complaints/year=2026/month=05/day=01/complaints_20260501.csv	631	690d1ff7619eac0fc469541d7ef7820e	78fdf7140ec4e0b7db8d562f12246f78f7694f04a20196481cb035e4ae442dda
complaints/year=2026/month=06/day=16/complaints_20260616.csv	629	70c4514356c81ce979ec48304eead1d0	31ab29dc40a07b7f67de53f0aa87d13f3440d1307c8b7949678d9f84284443c8
complaints/year=2026/month=06/day=17/complaints_20260617.csv	628	7e14fe8091227d9017bd4fcfe84c59bb	affc2a362ffb7aead012cea454542b84d98a250702362396cf917911d6aa81fa
customers.csv	3513	19efa2c29feb5870729720e2a17a25b1	5584073a6d920577d6af1f7b1302179e7b44625e354157de39e6877329e82bee
daily_exchange_rates.csv	386	260a6a1dac8bf7448df0363d41e50bcf	9696ec3a7dbaffb30b1b7bb70e99ca49ae1e034bb1006c7e6ae13a9e8afaad35
digital_events/year=2026/month=05/day=01/digital_events_20260501.csv	472	654e1248eb3e03dabe2f4db3ed4afd48	e894079f73c7dbaf5d19ef475e7ee9f63098c542314ce3821bb144d7cd55d254
digital_events/year=2026/month=06/day=17/digital_events_20260617.csv	676	003037dfde223cee6e28f7220caa05d1	98035e7f205bcae8665b897aa5521dcecbbf5aed1c96914d6b66e3326f7ae2a1
marketing_campaigns.csv	340	5791575eb97a64c31faa04b775016c9a	45d3185e35e809e735050966e17621c0c920808fdaa715bef07dd9b6b0cb5559
products.csv	3076	28902fd19c2f72488766efac0cc87da1	498a702057bf1720eeee7d6c7efff0cbde040bc33509a6310fabe055f47debc1
satisfaction_surveys/year=2026/month=05/day=01/satisfaction_surveys_20260501.csv	624	ac8a2c561c85e7d35118fc635bdc2c33	85c1de4c6c571375e463a7785828d344ef26c1fca723c1e8d4db046450f2779a
satisfaction_surveys/year=2026/month=06/day=17/satisfaction_surveys_20260617.csv	465	a898ce5fc4d286fc60f90d2b3d21c286	fd988d9aa5c46f3d913b58972e9fd82dbee5aed0b0f5df63ca8eb45a770d795c
service_agents.csv	572	4c17bbea3653942e490eda9538ff82a4	3653a8f17e392544678462ce57189807fbfb26a2bd8e8c583cbdcb831a21979c
transactions/year=2026/month=01/day=15/transactions_20260115.csv	482	7e3b676341df199aa098bd9118323d78	3bfa722c6f6b75b426e82af2e88287136f614c08569cd33fe533e4c79b4951c3
transactions/year=2026/month=03/day=19/transactions_20260319.csv	668	8fcf620d1f00c25a8ad58ebf5bd6cec4	4bc18a995729752593dc8093b44feb593ad1dcdf1ebffeba08a70267934cd773
transactions/year=2026/month=03/day=20/transactions_20260320.csv	668	4acb6adae37a62acd0e8b2b76ab1b45f	e54a19793d97570bf68e87dad7cae6bc6fa45d0242e9060b63058a9e9a3a2b11
transactions/year=2026/month=05/day=01/transactions_20260501.csv	668	def4d4eeebafd373ac83fafcf752a172	b4de2b95a87eef3747fc8be852ba1ba6d412a81fb01b0e73477a6bda9f1a1ebe
transactions/year=2026/month=06/day=15/transactions_20260615.csv	2328	7adad741590b32fa825141ba5c47e0a3	c6bba7fcd50345d4e0804e7672415c1d534acc464047c52ed5c86fef3eaf39bb
transactions/year=2026/month=06/day=16/transactions_20260616.csv	860	25b20f8824e44c4f00f31cce9684eb61	a91f316e009f85b6117c3a12134f1d73e03688b5f99c88e05a22e8db44493d6f
transactions/year=2026/month=06/day=17/transactions_20260617.csv	1213	ab65335cd5e31a203497d81bd84bf92e	0d42581935d751c12d8614875c460bc98a5c06722cf5772753dc743fe1e6ed28
transactions/year=2026/month=06/day=18/transactions_20260618.csv	482	349474289c902fcc43d12b99b704b98b	a1e5fdf21b538df455fd24bf15801df6bc522822b82e88af6bd8aba6ce5939c0
